
Microsoft Visual Studio Solution File, Format Version 12.00
# Visual Studio 15
VisualStudioVersion = 15.0.28307.645
MinimumVisualStudioVersion = 10.0.40219.1
Project("{8BC9CEB8-8B4A-11D0-8D11-00A0C91BC942}") = "jiqun_organization", "jiqun_organization\jiqun_organization.vcxproj", "{FE96F28C-827B-438C-BEA5-BF8DD51BF047}"
EndProject
Project("{888888A0-9F3D-457C-B088-3A5042F75D52}") = "get_user_time", "get_user_time\get_user_time.pyproj", "{CE42FDA6-B006-4824-B4B2-205E01DF7703}"
EndProject
Global
	GlobalSection(SolutionConfigurationPlatforms) = preSolution
		Debug|Any CPU = Debug|Any CPU
		Debug|x64 = Debug|x64
		Debug|x86 = Debug|x86
		Release|Any CPU = Release|Any CPU
		Release|x64 = Release|x64
		Release|x86 = Release|x86
	EndGlobalSection
	GlobalSection(ProjectConfigurationPlatforms) = postSolution
		{FE96F28C-827B-438C-BEA5-BF8DD51BF047}.Debug|Any CPU.ActiveCfg = Debug|Win32
		{FE96F28C-827B-438C-BEA5-BF8DD51BF047}.Debug|x64.ActiveCfg = Debug|x64
		{FE96F28C-827B-438C-BEA5-BF8DD51BF047}.Debug|x64.Build.0 = Debug|x64
		{FE96F28C-827B-438C-BEA5-BF8DD51BF047}.Debug|x86.ActiveCfg = Debug|Win32
		{FE96F28C-827B-438C-BEA5-BF8DD51BF047}.Debug|x86.Build.0 = Debug|Win32
		{FE96F28C-827B-438C-BEA5-BF8DD51BF047}.Release|Any CPU.ActiveCfg = Release|Win32
		{FE96F28C-827B-438C-BEA5-BF8DD51BF047}.Release|x64.ActiveCfg = Release|x64
		{FE96F28C-827B-438C-BEA5-BF8DD51BF047}.Release|x64.Build.0 = Release|x64
		{FE96F28C-827B-438C-BEA5-BF8DD51BF047}.Release|x86.ActiveCfg = Release|Win32
		{FE96F28C-827B-438C-BEA5-BF8DD51BF047}.Release|x86.Build.0 = Release|Win32
		{CE42FDA6-B006-4824-B4B2-205E01DF7703}.Debug|Any CPU.ActiveCfg = Debug|Any CPU
		{CE42FDA6-B006-4824-B4B2-205E01DF7703}.Debug|x64.ActiveCfg = Debug|Any CPU
		{CE42FDA6-B006-4824-B4B2-205E01DF7703}.Debug|x86.ActiveCfg = Debug|Any CPU
		{CE42FDA6-B006-4824-B4B2-205E01DF7703}.Release|Any CPU.ActiveCfg = Release|Any CPU
		{CE42FDA6-B006-4824-B4B2-205E01DF7703}.Release|x64.ActiveCfg = Release|Any CPU
		{CE42FDA6-B006-4824-B4B2-205E01DF7703}.Release|x86.ActiveCfg = Release|Any CPU
	EndGlobalSection
	GlobalSection(SolutionProperties) = preSolution
		HideSolutionNode = FALSE
	EndGlobalSection
	GlobalSection(ExtensibilityGlobals) = postSolution
		SolutionGuid = {B6DBE4E1-A81C-452F-BAAE-C01D78CE63D0}
	EndGlobalSection
EndGlobal
